github.com/Harshmaury/Accord v0.1.2 h1:H3ctOzyubwirHVvAmn8wd/rhqPHNhBTmnUl2+0UAYhs=
github.com/Harshmaury/Accord v0.1.2/go.mod h1:HfmELXykJvkZTOuQjiK03f4NUN0i0CBIHk/67flr+yc=
github.com/Harshmaury/Canon v0.3.0 h1:AwDr0fT7ff63KCwsHGuo94yKk2YR3hLDYKhd/SwUrwY=
github.com/Harshmaury/Canon v0.3.0/go.mod h1:yGNa8zeXP3JP7uFJusFJeyeNY+w0PnnIJAu2wLuawfE=
github.com/Harshmaury/Herald v0.1.5 h1:/x+toVtA/sHHkhaELIwfjos+zfJgWHDnf2p/j7rfIYk=
github.com/Harshmaury/Herald v0.1.5/go.mod h1:HB+k18Y+gRvL4c3hWoCf3lWV5p+BrzUBiZek+KnrW/s=
